
Microsoft Visual Studio Solution File, Format Version 12.00
# Visual Studio Version 17
VisualStudioVersion = 17.12.35527.113 d17.12
MinimumVisualStudioVersion = 10.0.40219.1
Project("{FAE04EC0-301F-11D3-BF4B-00C04F79EFBC}") = "APIGateway", "APIGateway\APIGateway.csproj", "{98995118-234C-4975-9B06-892B805FE7F0}"
EndProject
Project("{2150E333-8FDC-42A3-9474-1A3956D46DE8}") = "Services", "Services", "{7898635E-CF45-4272-A915-2A2D7A7F0538}"
EndProject
Project("{FAE04EC0-301F-11D3-BF4B-00C04F79EFBC}") = "Reservation.API", "Services\ResAPI\Reservation.API\Reservation.API.csproj", "{8F74DDB5-D79B-4C42-AD75-D08EC3851161}"
EndProject
Project("{FAE04EC0-301F-11D3-BF4B-00C04F79EFBC}") = "Contact.API", "Services\ContactAPI\Contact.API\Contact.API.csproj", "{90DF2D85-810C-40CF-917A-1BC6E9ADCE5A}"
EndProject
Project("{2150E333-8FDC-42A3-9474-1A3956D46DE8}") = "ContactAPI", "ContactAPI", "{741048C9-2F56-426D-A2D5-8697DE31D7AD}"
EndProject
Project("{2150E333-8FDC-42A3-9474-1A3956D46DE8}") = "ReservationAPI", "ReservationAPI", "{BD14654D-553C-4C2E-BB28-DEB480152519}"
EndProject
Project("{FAE04EC0-301F-11D3-BF4B-00C04F79EFBC}") = "Contact.API.Infrastructure", "Services\ContactAPI\Contact.API.Infrastructure\Contact.API.Infrastructure.csproj", "{4D134FEC-7011-4B75-B6BF-F5DC13DD0E9E}"
EndProject
Project("{FAE04EC0-301F-11D3-BF4B-00C04F79EFBC}") = "Contact.API.Models", "Services\ContactAPI\Contact.API.Models\Contact.API.Models.csproj", "{F5EC7D90-7985-4968-B66D-14EAE90FB467}"
EndProject
Project("{FAE04EC0-301F-11D3-BF4B-00C04F79EFBC}") = "Contact.API.Services", "Services\ContactAPI\Contact.API.Services\Contact.API.Services.csproj", "{C5F6AA9F-30A7-4BC8-A680-738E4F54DE47}"
EndProject
Project("{FAE04EC0-301F-11D3-BF4B-00C04F79EFBC}") = "Reservation.API.Infrastructure", "Services\ResAPI\Reservation.API.Infrastructure\Reservation.API.Infrastructure.csproj", "{D2E44B88-4F5D-484E-AAD8-BCF5500C22EB}"
EndProject
Project("{FAE04EC0-301F-11D3-BF4B-00C04F79EFBC}") = "Reservation.API.Services", "Services\ResAPI\Reservation.API.Services\Reservation.API.Services.csproj", "{88E2FDDB-D697-4B65-8333-209BED82E362}"
EndProject
Project("{FAE04EC0-301F-11D3-BF4B-00C04F79EFBC}") = "Reservation.API.Models", "Services\ResAPI\Reservation.API.Models\Reservation.API.Models.csproj", "{D3AC9AB9-CDAA-449A-BB59-1B42C97FCE6C}"
EndProject
Global
	GlobalSection(SolutionConfigurationPlatforms) = preSolution
		Debug|Any CPU = Debug|Any CPU
		Release|Any CPU = Release|Any CPU
	EndGlobalSection
	GlobalSection(ProjectConfigurationPlatforms) = postSolution
		{98995118-234C-4975-9B06-892B805FE7F0}.Debug|Any CPU.ActiveCfg = Debug|Any CPU
		{98995118-234C-4975-9B06-892B805FE7F0}.Debug|Any CPU.Build.0 = Debug|Any CPU
		{98995118-234C-4975-9B06-892B805FE7F0}.Release|Any CPU.ActiveCfg = Release|Any CPU
		{98995118-234C-4975-9B06-892B805FE7F0}.Release|Any CPU.Build.0 = Release|Any CPU
		{8F74DDB5-D79B-4C42-AD75-D08EC3851161}.Debug|Any CPU.ActiveCfg = Debug|Any CPU
		{8F74DDB5-D79B-4C42-AD75-D08EC3851161}.Debug|Any CPU.Build.0 = Debug|Any CPU
		{8F74DDB5-D79B-4C42-AD75-D08EC3851161}.Release|Any CPU.ActiveCfg = Release|Any CPU
		{8F74DDB5-D79B-4C42-AD75-D08EC3851161}.Release|Any CPU.Build.0 = Release|Any CPU
		{90DF2D85-810C-40CF-917A-1BC6E9ADCE5A}.Debug|Any CPU.ActiveCfg = Debug|Any CPU
		{90DF2D85-810C-40CF-917A-1BC6E9ADCE5A}.Debug|Any CPU.Build.0 = Debug|Any CPU
		{90DF2D85-810C-40CF-917A-1BC6E9ADCE5A}.Release|Any CPU.ActiveCfg = Release|Any CPU
		{90DF2D85-810C-40CF-917A-1BC6E9ADCE5A}.Release|Any CPU.Build.0 = Release|Any CPU
		{4D134FEC-7011-4B75-B6BF-F5DC13DD0E9E}.Debug|Any CPU.ActiveCfg = Debug|Any CPU
		{4D134FEC-7011-4B75-B6BF-F5DC13DD0E9E}.Debug|Any CPU.Build.0 = Debug|Any CPU
		{4D134FEC-7011-4B75-B6BF-F5DC13DD0E9E}.Release|Any CPU.ActiveCfg = Release|Any CPU
		{4D134FEC-7011-4B75-B6BF-F5DC13DD0E9E}.Release|Any CPU.Build.0 = Release|Any CPU
		{F5EC7D90-7985-4968-B66D-14EAE90FB467}.Debug|Any CPU.ActiveCfg = Debug|Any CPU
		{F5EC7D90-7985-4968-B66D-14EAE90FB467}.Debug|Any CPU.Build.0 = Debug|Any CPU
		{F5EC7D90-7985-4968-B66D-14EAE90FB467}.Release|Any CPU.ActiveCfg = Release|Any CPU
		{F5EC7D90-7985-4968-B66D-14EAE90FB467}.Release|Any CPU.Build.0 = Release|Any CPU
		{C5F6AA9F-30A7-4BC8-A680-738E4F54DE47}.Debug|Any CPU.ActiveCfg = Debug|Any CPU
		{C5F6AA9F-30A7-4BC8-A680-738E4F54DE47}.Debug|Any CPU.Build.0 = Debug|Any CPU
		{C5F6AA9F-30A7-4BC8-A680-738E4F54DE47}.Release|Any CPU.ActiveCfg = Release|Any CPU
		{C5F6AA9F-30A7-4BC8-A680-738E4F54DE47}.Release|Any CPU.Build.0 = Release|Any CPU
		{D2E44B88-4F5D-484E-AAD8-BCF5500C22EB}.Debug|Any CPU.ActiveCfg = Debug|Any CPU
		{D2E44B88-4F5D-484E-AAD8-BCF5500C22EB}.Debug|Any CPU.Build.0 = Debug|Any CPU
		{D2E44B88-4F5D-484E-AAD8-BCF5500C22EB}.Release|Any CPU.ActiveCfg = Release|Any CPU
		{D2E44B88-4F5D-484E-AAD8-BCF5500C22EB}.Release|Any CPU.Build.0 = Release|Any CPU
		{88E2FDDB-D697-4B65-8333-209BED82E362}.Debug|Any CPU.ActiveCfg = Debug|Any CPU
		{88E2FDDB-D697-4B65-8333-209BED82E362}.Debug|Any CPU.Build.0 = Debug|Any CPU
		{88E2FDDB-D697-4B65-8333-209BED82E362}.Release|Any CPU.ActiveCfg = Release|Any CPU
		{88E2FDDB-D697-4B65-8333-209BED82E362}.Release|Any CPU.Build.0 = Release|Any CPU
		{D3AC9AB9-CDAA-449A-BB59-1B42C97FCE6C}.Debug|Any CPU.ActiveCfg = Debug|Any CPU
		{D3AC9AB9-CDAA-449A-BB59-1B42C97FCE6C}.Debug|Any CPU.Build.0 = Debug|Any CPU
		{D3AC9AB9-CDAA-449A-BB59-1B42C97FCE6C}.Release|Any CPU.ActiveCfg = Release|Any CPU
		{D3AC9AB9-CDAA-449A-BB59-1B42C97FCE6C}.Release|Any CPU.Build.0 = Release|Any CPU
	EndGlobalSection
	GlobalSection(SolutionProperties) = preSolution
		HideSolutionNode = FALSE
	EndGlobalSection
	GlobalSection(NestedProjects) = preSolution
		{8F74DDB5-D79B-4C42-AD75-D08EC3851161} = {BD14654D-553C-4C2E-BB28-DEB480152519}
		{90DF2D85-810C-40CF-917A-1BC6E9ADCE5A} = {741048C9-2F56-426D-A2D5-8697DE31D7AD}
		{741048C9-2F56-426D-A2D5-8697DE31D7AD} = {7898635E-CF45-4272-A915-2A2D7A7F0538}
		{BD14654D-553C-4C2E-BB28-DEB480152519} = {7898635E-CF45-4272-A915-2A2D7A7F0538}
		{4D134FEC-7011-4B75-B6BF-F5DC13DD0E9E} = {741048C9-2F56-426D-A2D5-8697DE31D7AD}
		{F5EC7D90-7985-4968-B66D-14EAE90FB467} = {741048C9-2F56-426D-A2D5-8697DE31D7AD}
		{C5F6AA9F-30A7-4BC8-A680-738E4F54DE47} = {741048C9-2F56-426D-A2D5-8697DE31D7AD}
		{D2E44B88-4F5D-484E-AAD8-BCF5500C22EB} = {BD14654D-553C-4C2E-BB28-DEB480152519}
		{88E2FDDB-D697-4B65-8333-209BED82E362} = {BD14654D-553C-4C2E-BB28-DEB480152519}
		{D3AC9AB9-CDAA-449A-BB59-1B42C97FCE6C} = {BD14654D-553C-4C2E-BB28-DEB480152519}
	EndGlobalSection
EndGlobal
